Microsoft Visual Studio Solution File, Format Version 12.00
# Visual Studio Version 16
VisualStudioVersion = 16.0.30503.244
MinimumVisualStudioVersion = 10.0.40219.1
Project("{778DAE3C-4631-46EA-AA77-85C1314464D9}") = "Common", "Source\Common\Common.vbproj", "{25D1FD0C-A8F1-4EC4-B019-F75E8DB55032}"
EndProject
Project("{778DAE3C-4631-46EA-AA77-85C1314464D9}") = "RealmServer", "Source\RealmServer\RealmServer.vbproj", "{ABB842C8-9A65-4169-BA42-5DFCF82EE47A}"
EndProject
Project("{778DAE3C-4631-46EA-AA77-85C1314464D9}") = "Scripts", "Source\Scripts\Scripts.vbproj", "{17A41C91-1181-4F54-9DC1-37238158D384}"
EndProject
Project("{778DAE3C-4631-46EA-AA77-85C1314464D9}") = "Shared", "Source\Shared\Shared.vbproj", "{440573EC-AAEB-4482-AA0E-DEE01EC237A4}"
EndProject
Project("{778DAE3C-4631-46EA-AA77-85C1314464D9}") = "WorldCluster", "Source\WorldCluster\WorldCluster.vbproj", "{77239D42-A0AB-4984-A2B6-EF4880ACEC11}"
EndProject
Project("{778DAE3C-4631-46EA-AA77-85C1314464D9}") = "WorldServer", "Source\WorldServer\WorldServer.vbproj", "{936C7A31-3911-47B8-9B5A-AAAAB34AB522}"
EndProject
Global
	GlobalSection(SolutionConfigurationPlatforms) = preSolution
		Debug|Any CPU = Debug|Any CPU
		Release|Any CPU = Release|Any CPU
	EndGlobalSection
	GlobalSection(ProjectConfigurationPlatforms) = postSolution
		{25D1FD0C-A8F1-4EC4-B019-F75E8DB55032}.Debug|Any CPU.ActiveCfg = Debug|Any CPU
		{25D1FD0C-A8F1-4EC4-B019-F75E8DB55032}.Debug|Any CPU.Build.0 = Debug|Any CPU
		{25D1FD0C-A8F1-4EC4-B019-F75E8DB55032}.Release|Any CPU.ActiveCfg = Release|Any CPU
		{25D1FD0C-A8F1-4EC4-B019-F75E8DB55032}.Release|Any CPU.Build.0 = Release|Any CPU
		{ABB842C8-9A65-4169-BA42-5DFCF82EE47A}.Debug|Any CPU.ActiveCfg = Debug|Any CPU
		{ABB842C8-9A65-4169-BA42-5DFCF82EE47A}.Debug|Any CPU.Build.0 = Debug|Any CPU
		{ABB842C8-9A65-4169-BA42-5DFCF82EE47A}.Release|Any CPU.ActiveCfg = Release|Any CPU
		{ABB842C8-9A65-4169-BA42-5DFCF82EE47A}.Release|Any CPU.Build.0 = Release|Any CPU
		{17A41C91-1181-4F54-9DC1-37238158D384}.Debug|Any CPU.ActiveCfg = Debug|Any CPU
		{17A41C91-1181-4F54-9DC1-37238158D384}.Debug|Any CPU.Build.0 = Debug|Any CPU
		{17A41C91-1181-4F54-9DC1-37238158D384}.Release|Any CPU.ActiveCfg = Release|Any CPU
		{17A41C91-1181-4F54-9DC1-37238158D384}.Release|Any CPU.Build.0 = Release|Any CPU
		{440573EC-AAEB-4482-AA0E-DEE01EC237A4}.Debug|Any CPU.ActiveCfg = Debug|Any CPU
		{440573EC-AAEB-4482-AA0E-DEE01EC237A4}.Debug|Any CPU.Build.0 = Debug|Any CPU
		{440573EC-AAEB-4482-AA0E-DEE01EC237A4}.Release|Any CPU.ActiveCfg = Release|Any CPU
		{440573EC-AAEB-4482-AA0E-DEE01EC237A4}.Release|Any CPU.Build.0 = Release|Any CPU
		{77239D42-A0AB-4984-A2B6-EF4880ACEC11}.Debug|Any CPU.ActiveCfg = Debug|Any CPU
		{77239D42-A0AB-4984-A2B6-EF4880ACEC11}.Debug|Any CPU.Build.0 = Debug|Any CPU
		{77239D42-A0AB-4984-A2B6-EF4880ACEC11}.Release|Any CPU.ActiveCfg = Release|Any CPU
		{77239D42-A0AB-4984-A2B6-EF4880ACEC11}.Release|Any CPU.Build.0 = Release|Any CPU
		{936C7A31-3911-47B8-9B5A-AAAAB34AB522}.Debug|Any CPU.ActiveCfg = Debug|Any CPU
		{936C7A31-3911-47B8-9B5A-AAAAB34AB522}.Debug|Any CPU.Build.0 = Debug|Any CPU
		{936C7A31-3911-47B8-9B5A-AAAAB34AB522}.Release|Any CPU.ActiveCfg = Release|Any CPU
		{936C7A31-3911-47B8-9B5A-AAAAB34AB522}.Release|Any CPU.Build.0 = Release|Any CPU
	EndGlobalSection
	GlobalSection(SolutionProperties) = preSolution
		HideSolutionNode = FALSE
	EndGlobalSection
	GlobalSection(ExtensibilityGlobals) = postSolution
		SolutionGuid = {ADB1D01A-F2D8-411D-8C5E-9B125F8FE64E}
	EndGlobalSection
EndGlobal
