Microsoft Visual Studio Solution File, Format Version 12.00
# Visual Studio Version 16
VisualStudioVersion = 16.0.30503.244
MinimumVisualStudioVersion = 10.0.40219.1
Project("{2150E333-8FDC-42A3-9474-1A3956D46DE8}") = "Tools", "Tools", "{86D392EB-75DF-4211-A482-1F826079BC6B}"
EndProject
Project("{2150E333-8FDC-42A3-9474-1A3956D46DE8}") = "Services", "Services", "{BD151E63-D321-4AC1-A2CD-80283D4FC70C}"
EndProject
Project("{2150E333-8FDC-42A3-9474-1A3956D46DE8}") = "Common", "Common", "{E4030417-3F95-48BA-8A9A-6E1B4A5B5873}"
EndProject
Project("{778DAE3C-4631-46EA-AA77-85C1314464D9}") = "Mangos.Common", "Common\Mangos.Common\Mangos.Common.vbproj", "{B6028EFD-5FD7-4A66-BDD3-3D2F8C78387E}"
EndProject
Project("{778DAE3C-4631-46EA-AA77-85C1314464D9}") = "Mangos.Scripts", "Common\Mangos.Scripts\Mangos.Scripts.vbproj", "{2A183AF8-69FE-47CD-B078-C70A21815426}"
EndProject
Project("{778DAE3C-4631-46EA-AA77-85C1314464D9}") = "Mangos.SignalR", "Common\Mangos.SignalR\Mangos.SignalR.vbproj", "{D995DDFA-08FC-4DAF-BF8B-3BB75BE4C129}"
EndProject
Project("{778DAE3C-4631-46EA-AA77-85C1314464D9}") = "Mangos.DBCExtractor", "Tools\Mangos.DBCExtractor\Mangos.DBCExtractor.vbproj", "{B9DB4C61-DCEA-4C9A-B381-8079E1F31094}"
EndProject
Project("{778DAE3C-4631-46EA-AA77-85C1314464D9}") = "Mangos.DBCReader", "Tools\Mangos.DBCReader\Mangos.DBCReader.vbproj", "{0371C510-86C6-4C27-A29C-81B70FE3F157}"
EndProject
Project("{778DAE3C-4631-46EA-AA77-85C1314464D9}") = "Mangos.Extractor", "Tools\Mangos.Extractor\Mangos.Extractor.vbproj", "{2828601A-27E4-47C6-896E-775904D76EC4}"
EndProject
Project("{778DAE3C-4631-46EA-AA77-85C1314464D9}") = "Mangos.WardenExtractor", "Tools\Mangos.WardenExtractor\Mangos.WardenExtractor.vbproj", "{D75A1E12-1A39-4644-AEBD-A391432A1E17}"
EndProject
Project("{778DAE3C-4631-46EA-AA77-85C1314464D9}") = "Mangos.WoWFakeClient", "Tools\Mangos.WoWFakeClient\Mangos.WoWFakeClient.vbproj", "{0C297A02-E8BB-4265-9396-607340F964F9}"
EndProject
Project("{778DAE3C-4631-46EA-AA77-85C1314464D9}") = "Mangos.Cluster", "Services\Mangos.Cluster\Mangos.Cluster.vbproj", "{A2829467-6D50-446C-A106-1741C5B8DE70}"
EndProject
Project("{778DAE3C-4631-46EA-AA77-85C1314464D9}") = "Mangos.Realm", "Services\Mangos.Realm\Mangos.Realm.vbproj", "{44E0BD37-8011-477C-A989-2E70C0307446}"
EndProject
Project("{778DAE3C-4631-46EA-AA77-85C1314464D9}") = "Mangos.World", "Services\Mangos.World\Mangos.World.vbproj", "{C52F315F-D1AE-49C4-A5CD-EBA055AD1B00}"
EndProject
Project("{2150E333-8FDC-42A3-9474-1A3956D46DE8}") = "Configuration", "Configuration", "{7B6C0310-8E34-42CE-A29F-22F24BBC8381}"
EndProject
Project("{778DAE3C-4631-46EA-AA77-85C1314464D9}") = "Mangos.Configuration", "Common\Mangos.Configuration\Mangos.Configuration.vbproj", "{5059D11A-DA65-4282-B29F-CF1352F4C59B}"
EndProject
Project("{778DAE3C-4631-46EA-AA77-85C1314464D9}") = "Mangos.Configuration.Xml", "Common\Mangos.Configuration.Xml\Mangos.Configuration.Xml.vbproj", "{5967D20B-A8B6-47B8-97E7-BFE3C15C53F3}"
EndProject
Project("{F184B08F-C81C-45F6-A57F-5ABD9991F28F}") = "Mangos.Configuration.Store", "Common\Mangos.Configuration.Store\Mangos.Configuration.Store.vbproj", "{480AE42F-EEE7-41AD-9336-E23CAF362FB1}"
EndProject
Global
	GlobalSection(SolutionConfigurationPlatforms) = preSolution
		Debug|Any CPU = Debug|Any CPU
		Release|Any CPU = Release|Any CPU
	EndGlobalSection
	GlobalSection(ProjectConfigurationPlatforms) = postSolution
		{B6028EFD-5FD7-4A66-BDD3-3D2F8C78387E}.Debug|Any CPU.ActiveCfg = Debug|Any CPU
		{B6028EFD-5FD7-4A66-BDD3-3D2F8C78387E}.Debug|Any CPU.Build.0 = Debug|Any CPU
		{B6028EFD-5FD7-4A66-BDD3-3D2F8C78387E}.Release|Any CPU.ActiveCfg = Release|Any CPU
		{B6028EFD-5FD7-4A66-BDD3-3D2F8C78387E}.Release|Any CPU.Build.0 = Release|Any CPU
		{2A183AF8-69FE-47CD-B078-C70A21815426}.Debug|Any CPU.ActiveCfg = Debug|Any CPU
		{2A183AF8-69FE-47CD-B078-C70A21815426}.Debug|Any CPU.Build.0 = Debug|Any CPU
		{2A183AF8-69FE-47CD-B078-C70A21815426}.Release|Any CPU.ActiveCfg = Release|Any CPU
		{2A183AF8-69FE-47CD-B078-C70A21815426}.Release|Any CPU.Build.0 = Release|Any CPU
		{D995DDFA-08FC-4DAF-BF8B-3BB75BE4C129}.Debug|Any CPU.ActiveCfg = Debug|Any CPU
		{D995DDFA-08FC-4DAF-BF8B-3BB75BE4C129}.Debug|Any CPU.Build.0 = Debug|Any CPU
		{D995DDFA-08FC-4DAF-BF8B-3BB75BE4C129}.Release|Any CPU.ActiveCfg = Release|Any CPU
		{D995DDFA-08FC-4DAF-BF8B-3BB75BE4C129}.Release|Any CPU.Build.0 = Release|Any CPU
		{B9DB4C61-DCEA-4C9A-B381-8079E1F31094}.Debug|Any CPU.ActiveCfg = Debug|Any CPU
		{B9DB4C61-DCEA-4C9A-B381-8079E1F31094}.Debug|Any CPU.Build.0 = Debug|Any CPU
		{B9DB4C61-DCEA-4C9A-B381-8079E1F31094}.Release|Any CPU.ActiveCfg = Release|Any CPU
		{B9DB4C61-DCEA-4C9A-B381-8079E1F31094}.Release|Any CPU.Build.0 = Release|Any CPU
		{0371C510-86C6-4C27-A29C-81B70FE3F157}.Debug|Any CPU.ActiveCfg = Debug|Any CPU
		{0371C510-86C6-4C27-A29C-81B70FE3F157}.Debug|Any CPU.Build.0 = Debug|Any CPU
		{0371C510-86C6-4C27-A29C-81B70FE3F157}.Release|Any CPU.ActiveCfg = Release|Any CPU
		{0371C510-86C6-4C27-A29C-81B70FE3F157}.Release|Any CPU.Build.0 = Release|Any CPU
		{2828601A-27E4-47C6-896E-775904D76EC4}.Debug|Any CPU.ActiveCfg = Debug|Any CPU
		{2828601A-27E4-47C6-896E-775904D76EC4}.Debug|Any CPU.Build.0 = Debug|Any CPU
		{2828601A-27E4-47C6-896E-775904D76EC4}.Release|Any CPU.ActiveCfg = Release|Any CPU
		{2828601A-27E4-47C6-896E-775904D76EC4}.Release|Any CPU.Build.0 = Release|Any CPU
		{D75A1E12-1A39-4644-AEBD-A391432A1E17}.Debug|Any CPU.ActiveCfg = Debug|Any CPU
		{D75A1E12-1A39-4644-AEBD-A391432A1E17}.Debug|Any CPU.Build.0 = Debug|Any CPU
		{D75A1E12-1A39-4644-AEBD-A391432A1E17}.Release|Any CPU.ActiveCfg = Release|Any CPU
		{D75A1E12-1A39-4644-AEBD-A391432A1E17}.Release|Any CPU.Build.0 = Release|Any CPU
		{0C297A02-E8BB-4265-9396-607340F964F9}.Debug|Any CPU.ActiveCfg = Debug|Any CPU
		{0C297A02-E8BB-4265-9396-607340F964F9}.Debug|Any CPU.Build.0 = Debug|Any CPU
		{0C297A02-E8BB-4265-9396-607340F964F9}.Release|Any CPU.ActiveCfg = Release|Any CPU
		{0C297A02-E8BB-4265-9396-607340F964F9}.Release|Any CPU.Build.0 = Release|Any CPU
		{A2829467-6D50-446C-A106-1741C5B8DE70}.Debug|Any CPU.ActiveCfg = Debug|Any CPU
		{A2829467-6D50-446C-A106-1741C5B8DE70}.Debug|Any CPU.Build.0 = Debug|Any CPU
		{A2829467-6D50-446C-A106-1741C5B8DE70}.Release|Any CPU.ActiveCfg = Release|Any CPU
		{A2829467-6D50-446C-A106-1741C5B8DE70}.Release|Any CPU.Build.0 = Release|Any CPU
		{44E0BD37-8011-477C-A989-2E70C0307446}.Debug|Any CPU.ActiveCfg = Debug|Any CPU
		{44E0BD37-8011-477C-A989-2E70C0307446}.Debug|Any CPU.Build.0 = Debug|Any CPU
		{44E0BD37-8011-477C-A989-2E70C0307446}.Release|Any CPU.ActiveCfg = Release|Any CPU
		{44E0BD37-8011-477C-A989-2E70C0307446}.Release|Any CPU.Build.0 = Release|Any CPU
		{C52F315F-D1AE-49C4-A5CD-EBA055AD1B00}.Debug|Any CPU.ActiveCfg = Debug|Any CPU
		{C52F315F-D1AE-49C4-A5CD-EBA055AD1B00}.Debug|Any CPU.Build.0 = Debug|Any CPU
		{C52F315F-D1AE-49C4-A5CD-EBA055AD1B00}.Release|Any CPU.ActiveCfg = Release|Any CPU
		{C52F315F-D1AE-49C4-A5CD-EBA055AD1B00}.Release|Any CPU.Build.0 = Release|Any CPU
		{5059D11A-DA65-4282-B29F-CF1352F4C59B}.Debug|Any CPU.ActiveCfg = Debug|Any CPU
		{5059D11A-DA65-4282-B29F-CF1352F4C59B}.Debug|Any CPU.Build.0 = Debug|Any CPU
		{5059D11A-DA65-4282-B29F-CF1352F4C59B}.Release|Any CPU.ActiveCfg = Release|Any CPU
		{5059D11A-DA65-4282-B29F-CF1352F4C59B}.Release|Any CPU.Build.0 = Release|Any CPU
		{5967D20B-A8B6-47B8-97E7-BFE3C15C53F3}.Debug|Any CPU.ActiveCfg = Debug|Any CPU
		{5967D20B-A8B6-47B8-97E7-BFE3C15C53F3}.Debug|Any CPU.Build.0 = Debug|Any CPU
		{5967D20B-A8B6-47B8-97E7-BFE3C15C53F3}.Release|Any CPU.ActiveCfg = Release|Any CPU
		{5967D20B-A8B6-47B8-97E7-BFE3C15C53F3}.Release|Any CPU.Build.0 = Release|Any CPU
		{480AE42F-EEE7-41AD-9336-E23CAF362FB1}.Debug|Any CPU.ActiveCfg = Debug|Any CPU
		{480AE42F-EEE7-41AD-9336-E23CAF362FB1}.Debug|Any CPU.Build.0 = Debug|Any CPU
		{480AE42F-EEE7-41AD-9336-E23CAF362FB1}.Release|Any CPU.ActiveCfg = Release|Any CPU
		{480AE42F-EEE7-41AD-9336-E23CAF362FB1}.Release|Any CPU.Build.0 = Release|Any CPU
	EndGlobalSection
	GlobalSection(SolutionProperties) = preSolution
		HideSolutionNode = FALSE
	EndGlobalSection
	GlobalSection(NestedProjects) = preSolution
		{B6028EFD-5FD7-4A66-BDD3-3D2F8C78387E} = {E4030417-3F95-48BA-8A9A-6E1B4A5B5873}
		{2A183AF8-69FE-47CD-B078-C70A21815426} = {E4030417-3F95-48BA-8A9A-6E1B4A5B5873}
		{D995DDFA-08FC-4DAF-BF8B-3BB75BE4C129} = {E4030417-3F95-48BA-8A9A-6E1B4A5B5873}
		{B9DB4C61-DCEA-4C9A-B381-8079E1F31094} = {86D392EB-75DF-4211-A482-1F826079BC6B}
		{0371C510-86C6-4C27-A29C-81B70FE3F157} = {86D392EB-75DF-4211-A482-1F826079BC6B}
		{2828601A-27E4-47C6-896E-775904D76EC4} = {86D392EB-75DF-4211-A482-1F826079BC6B}
		{D75A1E12-1A39-4644-AEBD-A391432A1E17} = {86D392EB-75DF-4211-A482-1F826079BC6B}
		{0C297A02-E8BB-4265-9396-607340F964F9} = {86D392EB-75DF-4211-A482-1F826079BC6B}
		{A2829467-6D50-446C-A106-1741C5B8DE70} = {BD151E63-D321-4AC1-A2CD-80283D4FC70C}
		{44E0BD37-8011-477C-A989-2E70C0307446} = {BD151E63-D321-4AC1-A2CD-80283D4FC70C}
		{C52F315F-D1AE-49C4-A5CD-EBA055AD1B00} = {BD151E63-D321-4AC1-A2CD-80283D4FC70C}
		{7B6C0310-8E34-42CE-A29F-22F24BBC8381} = {E4030417-3F95-48BA-8A9A-6E1B4A5B5873}
		{5059D11A-DA65-4282-B29F-CF1352F4C59B} = {7B6C0310-8E34-42CE-A29F-22F24BBC8381}
		{5967D20B-A8B6-47B8-97E7-BFE3C15C53F3} = {7B6C0310-8E34-42CE-A29F-22F24BBC8381}
		{480AE42F-EEE7-41AD-9336-E23CAF362FB1} = {7B6C0310-8E34-42CE-A29F-22F24BBC8381}
	EndGlobalSection
	GlobalSection(ExtensibilityGlobals) = postSolution
		SolutionGuid = {ADB1D01A-F2D8-411D-8C5E-9B125F8FE64E}
	EndGlobalSection
EndGlobal
