Microsoft Visual Studio Solution File, Format Version 12.00
# Visual Studio Version 16
VisualStudioVersion = 16.0.30503.244
MinimumVisualStudioVersion = 10.0.40219.1
Project("{2150E333-8FDC-42A3-9474-1A3956D46DE8}") = "Tools", "Tools", "{86D392EB-75DF-4211-A482-1F826079BC6B}"
EndProject
Project("{2150E333-8FDC-42A3-9474-1A3956D46DE8}") = "Services", "Services", "{BD151E63-D321-4AC1-A2CD-80283D4FC70C}"
EndProject
Project("{2150E333-8FDC-42A3-9474-1A3956D46DE8}") = "Common", "Common", "{E4030417-3F95-48BA-8A9A-6E1B4A5B5873}"
EndProject
Project("{778DAE3C-4631-46EA-AA77-85C1314464D9}") = "Common", "Common\Common\Common.vbproj", "{59374C0E-EEE6-4DE3-9CE1-71880360EF20}"
EndProject
Project("{778DAE3C-4631-46EA-AA77-85C1314464D9}") = "Scripts", "Common\Scripts\Scripts.vbproj", "{9BD91E93-ED30-4554-9024-6C1C8F2B65E9}"
EndProject
Project("{778DAE3C-4631-46EA-AA77-85C1314464D9}") = "Shared", "Common\Shared\Shared.vbproj", "{469AF8DB-0E10-4BA6-A081-3CC75CA091A4}"
EndProject
Project("{778DAE3C-4631-46EA-AA77-85C1314464D9}") = "SignalR", "Common\SignalR\SignalR.vbproj", "{3515EF23-02F0-4F93-A836-B0484B5CADF8}"
EndProject
Project("{778DAE3C-4631-46EA-AA77-85C1314464D9}") = "RealmServer", "Services\RealmServer\RealmServer.vbproj", "{8FE8F620-6A02-4288-9E38-C0B563D7EEEA}"
EndProject
Project("{778DAE3C-4631-46EA-AA77-85C1314464D9}") = "WorldCluster", "Services\WorldCluster\WorldCluster.vbproj", "{E27B6124-DF6A-4B45-BFD1-BC0A6C716450}"
EndProject
Project("{778DAE3C-4631-46EA-AA77-85C1314464D9}") = "WorldServer", "Services\WorldServer\WorldServer.vbproj", "{EA1969B7-455C-4C0D-A06A-9661D73DC484}"
EndProject
Project("{778DAE3C-4631-46EA-AA77-85C1314464D9}") = "DBCExtractor", "Tools\DBCExtractor\DBCExtractor.vbproj", "{6E12EDB8-6935-4A88-82E9-8D4376076306}"
EndProject
Project("{778DAE3C-4631-46EA-AA77-85C1314464D9}") = "DBC Reader", "Tools\DBCReader\DBC Reader.vbproj", "{06CD27F4-B16B-4279-8BAB-9013DDCBA13E}"
EndProject
Project("{778DAE3C-4631-46EA-AA77-85C1314464D9}") = "WardenExtractor", "Tools\WardenExtractor\WardenExtractor.vbproj", "{70E1B0D5-5148-4123-96CD-FF8D5FEAF1CD}"
EndProject
Project("{778DAE3C-4631-46EA-AA77-85C1314464D9}") = "Extractor", "Tools\WoW.EXE Extractor\Extractor.vbproj", "{3FFF65D0-D210-4CB9-9C5D-23EC8CB82A3E}"
EndProject
Project("{778DAE3C-4631-46EA-AA77-85C1314464D9}") = "WoWFakeClient", "Tools\WoWFakeClient\WoWFakeClient.vbproj", "{6C04FEAD-3DDF-4ED2-A74E-EA364710E9DC}"
EndProject
Global
	GlobalSection(SolutionConfigurationPlatforms) = preSolution
		Debug|Any CPU = Debug|Any CPU
		Release|Any CPU = Release|Any CPU
	EndGlobalSection
	GlobalSection(ProjectConfigurationPlatforms) = postSolution
		{59374C0E-EEE6-4DE3-9CE1-71880360EF20}.Debug|Any CPU.ActiveCfg = Debug|Any CPU
		{59374C0E-EEE6-4DE3-9CE1-71880360EF20}.Debug|Any CPU.Build.0 = Debug|Any CPU
		{59374C0E-EEE6-4DE3-9CE1-71880360EF20}.Release|Any CPU.ActiveCfg = Release|Any CPU
		{59374C0E-EEE6-4DE3-9CE1-71880360EF20}.Release|Any CPU.Build.0 = Release|Any CPU
		{9BD91E93-ED30-4554-9024-6C1C8F2B65E9}.Debug|Any CPU.ActiveCfg = Debug|Any CPU
		{9BD91E93-ED30-4554-9024-6C1C8F2B65E9}.Debug|Any CPU.Build.0 = Debug|Any CPU
		{9BD91E93-ED30-4554-9024-6C1C8F2B65E9}.Release|Any CPU.ActiveCfg = Release|Any CPU
		{9BD91E93-ED30-4554-9024-6C1C8F2B65E9}.Release|Any CPU.Build.0 = Release|Any CPU
		{469AF8DB-0E10-4BA6-A081-3CC75CA091A4}.Debug|Any CPU.ActiveCfg = Debug|Any CPU
		{469AF8DB-0E10-4BA6-A081-3CC75CA091A4}.Debug|Any CPU.Build.0 = Debug|Any CPU
		{469AF8DB-0E10-4BA6-A081-3CC75CA091A4}.Release|Any CPU.ActiveCfg = Release|Any CPU
		{469AF8DB-0E10-4BA6-A081-3CC75CA091A4}.Release|Any CPU.Build.0 = Release|Any CPU
		{3515EF23-02F0-4F93-A836-B0484B5CADF8}.Debug|Any CPU.ActiveCfg = Debug|Any CPU
		{3515EF23-02F0-4F93-A836-B0484B5CADF8}.Debug|Any CPU.Build.0 = Debug|Any CPU
		{3515EF23-02F0-4F93-A836-B0484B5CADF8}.Release|Any CPU.ActiveCfg = Release|Any CPU
		{3515EF23-02F0-4F93-A836-B0484B5CADF8}.Release|Any CPU.Build.0 = Release|Any CPU
		{8FE8F620-6A02-4288-9E38-C0B563D7EEEA}.Debug|Any CPU.ActiveCfg = Debug|Any CPU
		{8FE8F620-6A02-4288-9E38-C0B563D7EEEA}.Debug|Any CPU.Build.0 = Debug|Any CPU
		{8FE8F620-6A02-4288-9E38-C0B563D7EEEA}.Release|Any CPU.ActiveCfg = Release|Any CPU
		{8FE8F620-6A02-4288-9E38-C0B563D7EEEA}.Release|Any CPU.Build.0 = Release|Any CPU
		{E27B6124-DF6A-4B45-BFD1-BC0A6C716450}.Debug|Any CPU.ActiveCfg = Debug|Any CPU
		{E27B6124-DF6A-4B45-BFD1-BC0A6C716450}.Debug|Any CPU.Build.0 = Debug|Any CPU
		{E27B6124-DF6A-4B45-BFD1-BC0A6C716450}.Release|Any CPU.ActiveCfg = Release|Any CPU
		{E27B6124-DF6A-4B45-BFD1-BC0A6C716450}.Release|Any CPU.Build.0 = Release|Any CPU
		{EA1969B7-455C-4C0D-A06A-9661D73DC484}.Debug|Any CPU.ActiveCfg = Debug|Any CPU
		{EA1969B7-455C-4C0D-A06A-9661D73DC484}.Debug|Any CPU.Build.0 = Debug|Any CPU
		{EA1969B7-455C-4C0D-A06A-9661D73DC484}.Release|Any CPU.ActiveCfg = Release|Any CPU
		{EA1969B7-455C-4C0D-A06A-9661D73DC484}.Release|Any CPU.Build.0 = Release|Any CPU
		{6E12EDB8-6935-4A88-82E9-8D4376076306}.Debug|Any CPU.ActiveCfg = Debug|Any CPU
		{6E12EDB8-6935-4A88-82E9-8D4376076306}.Debug|Any CPU.Build.0 = Debug|Any CPU
		{6E12EDB8-6935-4A88-82E9-8D4376076306}.Release|Any CPU.ActiveCfg = Release|Any CPU
		{6E12EDB8-6935-4A88-82E9-8D4376076306}.Release|Any CPU.Build.0 = Release|Any CPU
		{06CD27F4-B16B-4279-8BAB-9013DDCBA13E}.Debug|Any CPU.ActiveCfg = Debug|Any CPU
		{06CD27F4-B16B-4279-8BAB-9013DDCBA13E}.Debug|Any CPU.Build.0 = Debug|Any CPU
		{06CD27F4-B16B-4279-8BAB-9013DDCBA13E}.Release|Any CPU.ActiveCfg = Release|Any CPU
		{06CD27F4-B16B-4279-8BAB-9013DDCBA13E}.Release|Any CPU.Build.0 = Release|Any CPU
		{70E1B0D5-5148-4123-96CD-FF8D5FEAF1CD}.Debug|Any CPU.ActiveCfg = Debug|Any CPU
		{70E1B0D5-5148-4123-96CD-FF8D5FEAF1CD}.Debug|Any CPU.Build.0 = Debug|Any CPU
		{70E1B0D5-5148-4123-96CD-FF8D5FEAF1CD}.Release|Any CPU.ActiveCfg = Release|Any CPU
		{70E1B0D5-5148-4123-96CD-FF8D5FEAF1CD}.Release|Any CPU.Build.0 = Release|Any CPU
		{3FFF65D0-D210-4CB9-9C5D-23EC8CB82A3E}.Debug|Any CPU.ActiveCfg = Debug|Any CPU
		{3FFF65D0-D210-4CB9-9C5D-23EC8CB82A3E}.Debug|Any CPU.Build.0 = Debug|Any CPU
		{3FFF65D0-D210-4CB9-9C5D-23EC8CB82A3E}.Release|Any CPU.ActiveCfg = Release|Any CPU
		{3FFF65D0-D210-4CB9-9C5D-23EC8CB82A3E}.Release|Any CPU.Build.0 = Release|Any CPU
		{6C04FEAD-3DDF-4ED2-A74E-EA364710E9DC}.Debug|Any CPU.ActiveCfg = Debug|Any CPU
		{6C04FEAD-3DDF-4ED2-A74E-EA364710E9DC}.Debug|Any CPU.Build.0 = Debug|Any CPU
		{6C04FEAD-3DDF-4ED2-A74E-EA364710E9DC}.Release|Any CPU.ActiveCfg = Release|Any CPU
		{6C04FEAD-3DDF-4ED2-A74E-EA364710E9DC}.Release|Any CPU.Build.0 = Release|Any CPU
	EndGlobalSection
	GlobalSection(SolutionProperties) = preSolution
		HideSolutionNode = FALSE
	EndGlobalSection
	GlobalSection(NestedProjects) = preSolution
		{59374C0E-EEE6-4DE3-9CE1-71880360EF20} = {E4030417-3F95-48BA-8A9A-6E1B4A5B5873}
		{9BD91E93-ED30-4554-9024-6C1C8F2B65E9} = {E4030417-3F95-48BA-8A9A-6E1B4A5B5873}
		{469AF8DB-0E10-4BA6-A081-3CC75CA091A4} = {E4030417-3F95-48BA-8A9A-6E1B4A5B5873}
		{3515EF23-02F0-4F93-A836-B0484B5CADF8} = {E4030417-3F95-48BA-8A9A-6E1B4A5B5873}
		{8FE8F620-6A02-4288-9E38-C0B563D7EEEA} = {BD151E63-D321-4AC1-A2CD-80283D4FC70C}
		{E27B6124-DF6A-4B45-BFD1-BC0A6C716450} = {BD151E63-D321-4AC1-A2CD-80283D4FC70C}
		{EA1969B7-455C-4C0D-A06A-9661D73DC484} = {BD151E63-D321-4AC1-A2CD-80283D4FC70C}
		{6E12EDB8-6935-4A88-82E9-8D4376076306} = {86D392EB-75DF-4211-A482-1F826079BC6B}
		{06CD27F4-B16B-4279-8BAB-9013DDCBA13E} = {86D392EB-75DF-4211-A482-1F826079BC6B}
		{70E1B0D5-5148-4123-96CD-FF8D5FEAF1CD} = {86D392EB-75DF-4211-A482-1F826079BC6B}
		{3FFF65D0-D210-4CB9-9C5D-23EC8CB82A3E} = {86D392EB-75DF-4211-A482-1F826079BC6B}
		{6C04FEAD-3DDF-4ED2-A74E-EA364710E9DC} = {86D392EB-75DF-4211-A482-1F826079BC6B}
	EndGlobalSection
	GlobalSection(ExtensibilityGlobals) = postSolution
		SolutionGuid = {ADB1D01A-F2D8-411D-8C5E-9B125F8FE64E}
	EndGlobalSection
EndGlobal
