Microsoft Visual Studio Solution File, Format Version 12.00
# Visual Studio Version 16
VisualStudioVersion = 16.0.30503.244
MinimumVisualStudioVersion = 10.0.40219.1
Project("{2150E333-8FDC-42A3-9474-1A3956D46DE8}") = "Tools", "Tools", "{86D392EB-75DF-4211-A482-1F826079BC6B}"
EndProject
Project("{2150E333-8FDC-42A3-9474-1A3956D46DE8}") = "Services", "Services", "{BD151E63-D321-4AC1-A2CD-80283D4FC70C}"
EndProject
Project("{2150E333-8FDC-42A3-9474-1A3956D46DE8}") = "Common", "Common", "{E4030417-3F95-48BA-8A9A-6E1B4A5B5873}"
EndProject
Project("{778DAE3C-4631-46EA-AA77-85C1314464D9}") = "MangosVB.Common", "Common\MangosVB.Common\MangosVB.Common.vbproj", "{016974EF-238D-478F-A9E0-F286650916C5}"
EndProject
Project("{778DAE3C-4631-46EA-AA77-85C1314464D9}") = "MangosVB.Scripts", "Common\MangosVB.Scripts\MangosVB.Scripts.vbproj", "{8D5C5719-96A5-4A29-AD3D-8E96C5277EF8}"
EndProject
Project("{778DAE3C-4631-46EA-AA77-85C1314464D9}") = "MangosVB.Shared", "Common\MangosVB.Shared\MangosVB.Shared.vbproj", "{85570159-4D64-409A-B626-5BD3BF2CFF6B}"
EndProject
Project("{778DAE3C-4631-46EA-AA77-85C1314464D9}") = "MangosVB.SignalR", "Common\MangosVB.SignalR\MangosVB.SignalR.vbproj", "{D636D420-228F-4667-A27A-FA33D99171F6}"
EndProject
Project("{778DAE3C-4631-46EA-AA77-85C1314464D9}") = "MangosVB.RealmServer", "Services\MangosVB.RealmServer\MangosVB.RealmServer.vbproj", "{1538E8C7-371C-463E-906F-9D0D3B12F809}"
EndProject
Project("{778DAE3C-4631-46EA-AA77-85C1314464D9}") = "MangosVB.WorldCluster", "Services\MangosVB.WorldCluster\MangosVB.WorldCluster.vbproj", "{8B005E5D-B622-482C-8514-500B3A4DE987}"
EndProject
Project("{778DAE3C-4631-46EA-AA77-85C1314464D9}") = "MangosVB.WorldServer", "Services\MangosVB.WorldServer\MangosVB.WorldServer.vbproj", "{48C1F14B-D6C1-42FF-AD16-0955B0C96760}"
EndProject
Project("{778DAE3C-4631-46EA-AA77-85C1314464D9}") = "MangosVB.DBCExtractor", "Tools\MangosVB.DBCExtractor\MangosVB.DBCExtractor.vbproj", "{8C870BC1-D995-4ED8-B49A-8B4FAA0BB345}"
EndProject
Project("{778DAE3C-4631-46EA-AA77-85C1314464D9}") = "MangosVB.DBCReader", "Tools\MangosVB.DBCReader\MangosVB.DBCReader.vbproj", "{623108F5-8CF0-4D38-BD6D-83DB6BC52079}"
EndProject
Project("{778DAE3C-4631-46EA-AA77-85C1314464D9}") = "MangosVB.WardenExtractor", "Tools\MangosVB.WardenExtractor\MangosVB.WardenExtractor.vbproj", "{3AE07128-4948-44B9-81E4-37B10D65D4DF}"
EndProject
Project("{778DAE3C-4631-46EA-AA77-85C1314464D9}") = "MangosVB.WoWFakeClient", "Tools\MangosVB.WoWFakeClient\MangosVB.WoWFakeClient.vbproj", "{8C42B63C-1025-408A-896C-5E9777B2AD27}"
EndProject
Project("{778DAE3C-4631-46EA-AA77-85C1314464D9}") = "MangosVB.Extractor", "Tools\MangosVB.Extractor\MangosVB.Extractor.vbproj", "{B2F21A99-487B-4F4B-AABF-39BE2A47A964}"
EndProject
Global
	GlobalSection(SolutionConfigurationPlatforms) = preSolution
		Debug|Any CPU = Debug|Any CPU
		Release|Any CPU = Release|Any CPU
	EndGlobalSection
	GlobalSection(ProjectConfigurationPlatforms) = postSolution
		{016974EF-238D-478F-A9E0-F286650916C5}.Debug|Any CPU.ActiveCfg = Debug|Any CPU
		{016974EF-238D-478F-A9E0-F286650916C5}.Debug|Any CPU.Build.0 = Debug|Any CPU
		{016974EF-238D-478F-A9E0-F286650916C5}.Release|Any CPU.ActiveCfg = Release|Any CPU
		{016974EF-238D-478F-A9E0-F286650916C5}.Release|Any CPU.Build.0 = Release|Any CPU
		{8D5C5719-96A5-4A29-AD3D-8E96C5277EF8}.Debug|Any CPU.ActiveCfg = Debug|Any CPU
		{8D5C5719-96A5-4A29-AD3D-8E96C5277EF8}.Debug|Any CPU.Build.0 = Debug|Any CPU
		{8D5C5719-96A5-4A29-AD3D-8E96C5277EF8}.Release|Any CPU.ActiveCfg = Release|Any CPU
		{8D5C5719-96A5-4A29-AD3D-8E96C5277EF8}.Release|Any CPU.Build.0 = Release|Any CPU
		{85570159-4D64-409A-B626-5BD3BF2CFF6B}.Debug|Any CPU.ActiveCfg = Debug|Any CPU
		{85570159-4D64-409A-B626-5BD3BF2CFF6B}.Debug|Any CPU.Build.0 = Debug|Any CPU
		{85570159-4D64-409A-B626-5BD3BF2CFF6B}.Release|Any CPU.ActiveCfg = Release|Any CPU
		{85570159-4D64-409A-B626-5BD3BF2CFF6B}.Release|Any CPU.Build.0 = Release|Any CPU
		{D636D420-228F-4667-A27A-FA33D99171F6}.Debug|Any CPU.ActiveCfg = Debug|Any CPU
		{D636D420-228F-4667-A27A-FA33D99171F6}.Debug|Any CPU.Build.0 = Debug|Any CPU
		{D636D420-228F-4667-A27A-FA33D99171F6}.Release|Any CPU.ActiveCfg = Release|Any CPU
		{D636D420-228F-4667-A27A-FA33D99171F6}.Release|Any CPU.Build.0 = Release|Any CPU
		{1538E8C7-371C-463E-906F-9D0D3B12F809}.Debug|Any CPU.ActiveCfg = Debug|Any CPU
		{1538E8C7-371C-463E-906F-9D0D3B12F809}.Debug|Any CPU.Build.0 = Debug|Any CPU
		{1538E8C7-371C-463E-906F-9D0D3B12F809}.Release|Any CPU.ActiveCfg = Release|Any CPU
		{1538E8C7-371C-463E-906F-9D0D3B12F809}.Release|Any CPU.Build.0 = Release|Any CPU
		{8B005E5D-B622-482C-8514-500B3A4DE987}.Debug|Any CPU.ActiveCfg = Debug|Any CPU
		{8B005E5D-B622-482C-8514-500B3A4DE987}.Debug|Any CPU.Build.0 = Debug|Any CPU
		{8B005E5D-B622-482C-8514-500B3A4DE987}.Release|Any CPU.ActiveCfg = Release|Any CPU
		{8B005E5D-B622-482C-8514-500B3A4DE987}.Release|Any CPU.Build.0 = Release|Any CPU
		{48C1F14B-D6C1-42FF-AD16-0955B0C96760}.Debug|Any CPU.ActiveCfg = Debug|Any CPU
		{48C1F14B-D6C1-42FF-AD16-0955B0C96760}.Debug|Any CPU.Build.0 = Debug|Any CPU
		{48C1F14B-D6C1-42FF-AD16-0955B0C96760}.Release|Any CPU.ActiveCfg = Release|Any CPU
		{48C1F14B-D6C1-42FF-AD16-0955B0C96760}.Release|Any CPU.Build.0 = Release|Any CPU
		{8C870BC1-D995-4ED8-B49A-8B4FAA0BB345}.Debug|Any CPU.ActiveCfg = Debug|Any CPU
		{8C870BC1-D995-4ED8-B49A-8B4FAA0BB345}.Debug|Any CPU.Build.0 = Debug|Any CPU
		{8C870BC1-D995-4ED8-B49A-8B4FAA0BB345}.Release|Any CPU.ActiveCfg = Release|Any CPU
		{8C870BC1-D995-4ED8-B49A-8B4FAA0BB345}.Release|Any CPU.Build.0 = Release|Any CPU
		{623108F5-8CF0-4D38-BD6D-83DB6BC52079}.Debug|Any CPU.ActiveCfg = Debug|Any CPU
		{623108F5-8CF0-4D38-BD6D-83DB6BC52079}.Debug|Any CPU.Build.0 = Debug|Any CPU
		{623108F5-8CF0-4D38-BD6D-83DB6BC52079}.Release|Any CPU.ActiveCfg = Release|Any CPU
		{623108F5-8CF0-4D38-BD6D-83DB6BC52079}.Release|Any CPU.Build.0 = Release|Any CPU
		{3AE07128-4948-44B9-81E4-37B10D65D4DF}.Debug|Any CPU.ActiveCfg = Debug|Any CPU
		{3AE07128-4948-44B9-81E4-37B10D65D4DF}.Debug|Any CPU.Build.0 = Debug|Any CPU
		{3AE07128-4948-44B9-81E4-37B10D65D4DF}.Release|Any CPU.ActiveCfg = Release|Any CPU
		{3AE07128-4948-44B9-81E4-37B10D65D4DF}.Release|Any CPU.Build.0 = Release|Any CPU
		{8C42B63C-1025-408A-896C-5E9777B2AD27}.Debug|Any CPU.ActiveCfg = Debug|Any CPU
		{8C42B63C-1025-408A-896C-5E9777B2AD27}.Debug|Any CPU.Build.0 = Debug|Any CPU
		{8C42B63C-1025-408A-896C-5E9777B2AD27}.Release|Any CPU.ActiveCfg = Release|Any CPU
		{8C42B63C-1025-408A-896C-5E9777B2AD27}.Release|Any CPU.Build.0 = Release|Any CPU
		{B2F21A99-487B-4F4B-AABF-39BE2A47A964}.Debug|Any CPU.ActiveCfg = Debug|Any CPU
		{B2F21A99-487B-4F4B-AABF-39BE2A47A964}.Debug|Any CPU.Build.0 = Debug|Any CPU
		{B2F21A99-487B-4F4B-AABF-39BE2A47A964}.Release|Any CPU.ActiveCfg = Release|Any CPU
		{B2F21A99-487B-4F4B-AABF-39BE2A47A964}.Release|Any CPU.Build.0 = Release|Any CPU
	EndGlobalSection
	GlobalSection(SolutionProperties) = preSolution
		HideSolutionNode = FALSE
	EndGlobalSection
	GlobalSection(NestedProjects) = preSolution
		{016974EF-238D-478F-A9E0-F286650916C5} = {E4030417-3F95-48BA-8A9A-6E1B4A5B5873}
		{8D5C5719-96A5-4A29-AD3D-8E96C5277EF8} = {E4030417-3F95-48BA-8A9A-6E1B4A5B5873}
		{85570159-4D64-409A-B626-5BD3BF2CFF6B} = {E4030417-3F95-48BA-8A9A-6E1B4A5B5873}
		{D636D420-228F-4667-A27A-FA33D99171F6} = {E4030417-3F95-48BA-8A9A-6E1B4A5B5873}
		{1538E8C7-371C-463E-906F-9D0D3B12F809} = {BD151E63-D321-4AC1-A2CD-80283D4FC70C}
		{8B005E5D-B622-482C-8514-500B3A4DE987} = {BD151E63-D321-4AC1-A2CD-80283D4FC70C}
		{48C1F14B-D6C1-42FF-AD16-0955B0C96760} = {BD151E63-D321-4AC1-A2CD-80283D4FC70C}
		{8C870BC1-D995-4ED8-B49A-8B4FAA0BB345} = {86D392EB-75DF-4211-A482-1F826079BC6B}
		{623108F5-8CF0-4D38-BD6D-83DB6BC52079} = {86D392EB-75DF-4211-A482-1F826079BC6B}
		{3AE07128-4948-44B9-81E4-37B10D65D4DF} = {86D392EB-75DF-4211-A482-1F826079BC6B}
		{8C42B63C-1025-408A-896C-5E9777B2AD27} = {86D392EB-75DF-4211-A482-1F826079BC6B}
		{B2F21A99-487B-4F4B-AABF-39BE2A47A964} = {86D392EB-75DF-4211-A482-1F826079BC6B}
	EndGlobalSection
	GlobalSection(ExtensibilityGlobals) = postSolution
		SolutionGuid = {ADB1D01A-F2D8-411D-8C5E-9B125F8FE64E}
	EndGlobalSection
EndGlobal
